<?xml version="1.0" encoding="UTF-8" standalone="yes" ?>
<CodeBlocks_project_file>
	<FileVersion major="1" minor="6" />
	<Project>
		<Option title="Ecemon 1" />
		<Option pch_mode="2" />
		<Option compiler="gcc" />
		<Option virtualFolders="Match\;Match\Sources\;Match\Headers\;Menu\;Menu\Headers\;Menu\Sources\;" />
		<Build>
			<Target title="Debug">
				<Option output="bin/Debug/Ecemon 1" prefix_auto="1" extension_auto="1" />
				<Option object_output="obj/Debug/" />
				<Option type="1" />
				<Option compiler="gcc" />
				<Compiler>
					<Add option="-g" />
				</Compiler>
			</Target>
			<Target title="Release">
				<Option output="bin/Release/Ecemon 1" prefix_auto="1" extension_auto="1" />
				<Option object_output="obj/Release/" />
				<Option type="1" />
				<Option compiler="gcc" />
				<Compiler>
					<Add option="-O2" />
				</Compiler>
				<Linker>
					<Add option="-s" />
				</Linker>
			</Target>
		</Build>
		<Compiler>
			<Add option="-Wall" />
			<Add option="-std=c++11" />
			<Add option="-fexceptions" />
		</Compiler>
		<Unit filename="Attaque.cpp">
			<Option virtualFolder="Menu/Sources/" />
		</Unit>
		<Unit filename="Attaque.h">
			<Option virtualFolder="Menu/Headers/" />
		</Unit>
		<Unit filename="CarteFixe.cpp">
			<Option virtualFolder="Menu/Sources/" />
		</Unit>
		<Unit filename="CarteFixe.h">
			<Option virtualFolder="Menu/Headers/" />
		</Unit>
		<Unit filename="Cimetiere.cpp">
			<Option virtualFolder="Match/Sources/" />
		</Unit>
		<Unit filename="Cimetiere.h">
			<Option virtualFolder="Match/Headers/" />
		</Unit>
		<Unit filename="CodeSpeciale.cpp">
			<Option virtualFolder="Match/Sources/" />
		</Unit>
		<Unit filename="CodeSpeciale.h">
			<Option virtualFolder="Match/Headers/" />
		</Unit>
		<Unit filename="Collection.cpp">
			<Option virtualFolder="Menu/Sources/" />
		</Unit>
		<Unit filename="Collection.h">
			<Option virtualFolder="Menu/Headers/" />
		</Unit>
		<Unit filename="CreatureFixe.cpp">
			<Option virtualFolder="Menu/Sources/" />
		</Unit>
		<Unit filename="CreatureFixe.h">
			<Option virtualFolder="Menu/Headers/" />
		</Unit>
		<Unit filename="CreatureJeu.cpp">
			<Option virtualFolder="Match/Sources/" />
		</Unit>
		<Unit filename="CreatureJeu.h">
			<Option virtualFolder="Match/Headers/" />
		</Unit>
		<Unit filename="Deck.cpp">
			<Option virtualFolder="Menu/Sources/" />
		</Unit>
		<Unit filename="Deck.h">
			<Option virtualFolder="Menu/Headers/" />
		</Unit>
		<Unit filename="EnergieFixe.cpp">
			<Option virtualFolder="Menu/Sources/" />
		</Unit>
		<Unit filename="EnergieFixe.h">
			<Option virtualFolder="Menu/Headers/" />
		</Unit>
		<Unit filename="EnergieJeu.cpp">
			<Option virtualFolder="Match/Sources/" />
		</Unit>
		<Unit filename="EnergieJeu.h">
			<Option virtualFolder="Match/Headers/" />
		</Unit>
		<Unit filename="Enjeu.cpp">
			<Option virtualFolder="Match/Sources/" />
		</Unit>
		<Unit filename="Enjeu.h">
			<Option virtualFolder="Match/Headers/" />
		</Unit>
		<Unit filename="Equivalence.cpp">
			<Option virtualFolder="Menu/Sources/" />
		</Unit>
		<Unit filename="Equivalence.h">
			<Option virtualFolder="Menu/Headers/" />
		</Unit>
		<Unit filename="JoueurMenu.cpp">
			<Option virtualFolder="Menu/Sources/" />
		</Unit>
		<Unit filename="JoueurMenu.h">
			<Option virtualFolder="Menu/Headers/" />
		</Unit>
		<Unit filename="JoueurPartie.cpp">
			<Option virtualFolder="Match/Sources/" />
		</Unit>
		<Unit filename="JoueurPartie.h">
			<Option virtualFolder="Match/Headers/" />
		</Unit>
		<Unit filename="Match.cpp">
			<Option virtualFolder="Match/Sources/" />
		</Unit>
		<Unit filename="Match.h">
			<Option virtualFolder="Match/Headers/" />
		</Unit>
		<Unit filename="Menu.cpp">
			<Option virtualFolder="Menu/Sources/" />
		</Unit>
		<Unit filename="Menu.h">
			<Option virtualFolder="Menu/Headers/" />
		</Unit>
		<Unit filename="MenuMatch.cpp" />
		<Unit filename="MenuMatch.h" />
		<Unit filename="Pioche.cpp">
			<Option virtualFolder="Match/Sources/" />
		</Unit>
		<Unit filename="Pioche.h">
			<Option virtualFolder="Match/Headers/" />
		</Unit>
		<Unit filename="SpecialeCourteFixe.cpp">
			<Option virtualFolder="Menu/Sources/" />
		</Unit>
		<Unit filename="SpecialeCourteFixe.h">
			<Option virtualFolder="Menu/Headers/" />
		</Unit>
		<Unit filename="SpecialeFixe.cpp">
			<Option virtualFolder="Menu/Sources/" />
		</Unit>
		<Unit filename="SpecialeFixe.h">
			<Option virtualFolder="Menu/Headers/" />
		</Unit>
		<Unit filename="SpecialePermanenteFixe.cpp">
			<Option virtualFolder="Menu/Sources/" />
		</Unit>
		<Unit filename="SpecialePermanenteFixe.h">
			<Option virtualFolder="Menu/Headers/" />
		</Unit>
		<Unit filename="SpecialePermanenteJeu.cpp">
			<Option virtualFolder="Match/Sources/" />
		</Unit>
		<Unit filename="SpecialePermanenteJeu.h">
			<Option virtualFolder="Match/Headers/" />
		</Unit>
		<Unit filename="divers.cpp" />
		<Unit filename="divers.h" />
		<Unit filename="enum.h" />
		<Unit filename="main.cpp" />
		<Extensions>
			<code_completion />
			<envvars />
			<debugger />
			<lib_finder disable_auto="1" />
			<DoxyBlocks>
				<comment_style block="0" line="0" />
				<doxyfile_project />
				<doxyfile_build />
				<doxyfile_warnings />
				<doxyfile_output />
				<doxyfile_dot />
				<general />
			</DoxyBlocks>
		</Extensions>
	</Project>
</CodeBlocks_project_file>
